
Microsoft Visual Studio Solution File, Format Version 12.00
# Visual Studio 15
VisualStudioVersion = 15.0.28307.106
MinimumVisualStudioVersion = 10.0.40219.1
Project("{FAE04EC0-301F-11D3-BF4B-00C04F79EFBC}") = "Catherine", "Catherine\Catherine.csproj", "{26A0DCD1-3F93-4954-B455-DBCE28677BA6}"
EndProject
Global
	GlobalSection(SolutionConfigurationPlatforms) = preSolution
		Debug|Any CPU = Debug|Any CPU
		Release|Any CPU = Release|Any CPU
	EndGlobalSection
	GlobalSection(ProjectConfigurationPlatforms) = postSolution
		{26A0DCD1-3F93-4954-B455-DBCE28677BA6}.Debug|Any CPU.ActiveCfg = Debug|Any CPU
		{26A0DCD1-3F93-4954-B455-DBCE28677BA6}.Debug|Any CPU.Build.0 = Debug|Any CPU
		{26A0DCD1-3F93-4954-B455-DBCE28677BA6}.Release|Any CPU.ActiveCfg = Release|Any CPU
		{26A0DCD1-3F93-4954-B455-DBCE28677BA6}.Release|Any CPU.Build.0 = Release|Any CPU
	EndGlobalSection
	GlobalSection(SolutionProperties) = preSolution
		HideSolutionNode = FALSE
	EndGlobalSection
	GlobalSection(ExtensibilityGlobals) = postSolution
		SolutionGuid = {A19A5626-C7A2-4C7B-97F5-0F326A9BE336}
	EndGlobalSection
EndGlobal
